# This file is automatically @generated by Cargo.
# It is not intended for manual editing.
version = 3

[[package]]
name = "fediverse-observer"
version = "0.1.0"
dependencies = [
 "lexopt",
]

[[package]]
name = "lexopt"
version = "0.1.0"
source = "registry+https://github.com/rust-lang/crates.io-index"
checksum = "6c5d9b5843e8c9311ff602e6bd50855015e99e75159c2c54fe104cfac241f552"
